
Microsoft Visual Studio Solution File, Format Version 12.00
# Visual Studio 15
VisualStudioVersion = 15.0.28010.2036
MinimumVisualStudioVersion = 10.0.40219.1
Project("{FAE04EC0-301F-11D3-BF4B-00C04F79EFBC}") = "HandlingExceptions", "HandlingExceptions\HandlingExceptions.csproj", "{CD0415F0-374E-4030-B093-E3713F562ADB}"
EndProject
Global
	GlobalSection(SolutionConfigurationPlatforms) = preSolution
		Debug|Any CPU = Debug|Any CPU
		Release|Any CPU = Release|Any CPU
	EndGlobalSection
	GlobalSection(ProjectConfigurationPlatforms) = postSolution
		{CD0415F0-374E-4030-B093-E3713F562ADB}.Debug|Any CPU.ActiveCfg = Debug|Any CPU
		{CD0415F0-374E-4030-B093-E3713F562ADB}.Debug|Any CPU.Build.0 = Debug|Any CPU
		{CD0415F0-374E-4030-B093-E3713F562ADB}.Release|Any CPU.ActiveCfg = Release|Any CPU
		{CD0415F0-374E-4030-B093-E3713F562ADB}.Release|Any CPU.Build.0 = Release|Any CPU
	EndGlobalSection
	GlobalSection(SolutionProperties) = preSolution
		HideSolutionNode = FALSE
	EndGlobalSection
	GlobalSection(ExtensibilityGlobals) = postSolution
		SolutionGuid = {EC403D9F-7A94-4F7F-9B21-9DE166E0F5C9}
	EndGlobalSection
EndGlobal
