
Microsoft Visual Studio Solution File, Format Version 12.00
# Visual Studio 15
VisualStudioVersion = 15.0.28010.2036
MinimumVisualStudioVersion = 10.0.40219.1
Project("{FAE04EC0-301F-11D3-BF4B-00C04F79EFBC}") = "Grades", "Grades\Grades.csproj", "{A21ECAB7-EABF-44B6-A900-EFCB550879D4}"
EndProject
Project("{FAE04EC0-301F-11D3-BF4B-00C04F79EFBC}") = "Grades.Test", "Grades.Test\Grades.Test.csproj", "{57BD2FC1-0FC9-486C-B247-8E142FED6003}"
EndProject
Global
	GlobalSection(SolutionConfigurationPlatforms) = preSolution
		Debug|Any CPU = Debug|Any CPU
		Release|Any CPU = Release|Any CPU
	EndGlobalSection
	GlobalSection(ProjectConfigurationPlatforms) = postSolution
		{A21ECAB7-EABF-44B6-A900-EFCB550879D4}.Debug|Any CPU.ActiveCfg = Debug|Any CPU
		{A21ECAB7-EABF-44B6-A900-EFCB550879D4}.Debug|Any CPU.Build.0 = Debug|Any CPU
		{A21ECAB7-EABF-44B6-A900-EFCB550879D4}.Release|Any CPU.ActiveCfg = Release|Any CPU
		{A21ECAB7-EABF-44B6-A900-EFCB550879D4}.Release|Any CPU.Build.0 = Release|Any CPU
		{57BD2FC1-0FC9-486C-B247-8E142FED6003}.Debug|Any CPU.ActiveCfg = Debug|Any CPU
		{57BD2FC1-0FC9-486C-B247-8E142FED6003}.Debug|Any CPU.Build.0 = Debug|Any CPU
		{57BD2FC1-0FC9-486C-B247-8E142FED6003}.Release|Any CPU.ActiveCfg = Release|Any CPU
		{57BD2FC1-0FC9-486C-B247-8E142FED6003}.Release|Any CPU.Build.0 = Release|Any CPU
	EndGlobalSection
	GlobalSection(SolutionProperties) = preSolution
		HideSolutionNode = FALSE
	EndGlobalSection
	GlobalSection(ExtensibilityGlobals) = postSolution
		SolutionGuid = {D0FBD57F-EACD-4F37-95AD-A46B01CBD6F9}
	EndGlobalSection
EndGlobal
