
Microsoft Visual Studio Solution File, Format Version 12.00
# Visual Studio 15
VisualStudioVersion = 15.0.27703.2042
MinimumVisualStudioVersion = 10.0.40219.1
Project("{FAE04EC0-301F-11D3-BF4B-00C04F79EFBC}") = "DatesAndTimes", "DatesAndTimes\DatesAndTimes.csproj", "{0D85D335-995C-482F-9518-E022F1F5CB6D}"
EndProject
Global
	GlobalSection(SolutionConfigurationPlatforms) = preSolution
		Debug|Any CPU = Debug|Any CPU
		Release|Any CPU = Release|Any CPU
	EndGlobalSection
	GlobalSection(ProjectConfigurationPlatforms) = postSolution
		{0D85D335-995C-482F-9518-E022F1F5CB6D}.Debug|Any CPU.ActiveCfg = Debug|Any CPU
		{0D85D335-995C-482F-9518-E022F1F5CB6D}.Debug|Any CPU.Build.0 = Debug|Any CPU
		{0D85D335-995C-482F-9518-E022F1F5CB6D}.Release|Any CPU.ActiveCfg = Release|Any CPU
		{0D85D335-995C-482F-9518-E022F1F5CB6D}.Release|Any CPU.Build.0 = Release|Any CPU
	EndGlobalSection
	GlobalSection(SolutionProperties) = preSolution
		HideSolutionNode = FALSE
	EndGlobalSection
	GlobalSection(ExtensibilityGlobals) = postSolution
		SolutionGuid = {1B5B6399-623E-4D19-ACD8-CB1BE84483F3}
	EndGlobalSection
EndGlobal
