
Microsoft Visual Studio Solution File, Format Version 12.00
# Visual Studio 15
VisualStudioVersion = 15.0.28010.2036
MinimumVisualStudioVersion = 10.0.40219.1
Project("{FAE04EC0-301F-11D3-BF4B-00C04F79EFBC}") = "WPFEvents", "WPFEvents\WPFEvents.csproj", "{CFDD0264-72A9-44C2-873C-FEA1161170B6}"
EndProject
Global
	GlobalSection(SolutionConfigurationPlatforms) = preSolution
		Debug|Any CPU = Debug|Any CPU
		Release|Any CPU = Release|Any CPU
	EndGlobalSection
	GlobalSection(ProjectConfigurationPlatforms) = postSolution
		{CFDD0264-72A9-44C2-873C-FEA1161170B6}.Debug|Any CPU.ActiveCfg = Debug|Any CPU
		{CFDD0264-72A9-44C2-873C-FEA1161170B6}.Debug|Any CPU.Build.0 = Debug|Any CPU
		{CFDD0264-72A9-44C2-873C-FEA1161170B6}.Release|Any CPU.ActiveCfg = Release|Any CPU
		{CFDD0264-72A9-44C2-873C-FEA1161170B6}.Release|Any CPU.Build.0 = Release|Any CPU
	EndGlobalSection
	GlobalSection(SolutionProperties) = preSolution
		HideSolutionNode = FALSE
	EndGlobalSection
	GlobalSection(ExtensibilityGlobals) = postSolution
		SolutionGuid = {604728C6-0BED-4A0C-A936-CC62648AF9BC}
	EndGlobalSection
EndGlobal
