
Microsoft Visual Studio Solution File, Format Version 12.00
# Visual Studio 15
VisualStudioVersion = 15.0.28010.2036
MinimumVisualStudioVersion = 10.0.40219.1
Project("{FAE04EC0-301F-11D3-BF4B-00C04F79EFBC}") = "Decisions", "Decisions\Decisions.csproj", "{3B645537-BAE2-4891-8B29-C00286B4C443}"
EndProject
Global
	GlobalSection(SolutionConfigurationPlatforms) = preSolution
		Debug|Any CPU = Debug|Any CPU
		Release|Any CPU = Release|Any CPU
	EndGlobalSection
	GlobalSection(ProjectConfigurationPlatforms) = postSolution
		{3B645537-BAE2-4891-8B29-C00286B4C443}.Debug|Any CPU.ActiveCfg = Debug|Any CPU
		{3B645537-BAE2-4891-8B29-C00286B4C443}.Debug|Any CPU.Build.0 = Debug|Any CPU
		{3B645537-BAE2-4891-8B29-C00286B4C443}.Release|Any CPU.ActiveCfg = Release|Any CPU
		{3B645537-BAE2-4891-8B29-C00286B4C443}.Release|Any CPU.Build.0 = Release|Any CPU
	EndGlobalSection
	GlobalSection(SolutionProperties) = preSolution
		HideSolutionNode = FALSE
	EndGlobalSection
	GlobalSection(ExtensibilityGlobals) = postSolution
		SolutionGuid = {29274B4D-1CD1-4CEA-BB8A-A8A1B1270A8E}
	EndGlobalSection
EndGlobal
