
Microsoft Visual Studio Solution File, Format Version 12.00
# Visual Studio 15
VisualStudioVersion = 15.0.27703.2042
MinimumVisualStudioVersion = 10.0.40219.1
Project("{FAE04EC0-301F-11D3-BF4B-00C04F79EFBC}") = "WorkingWithStrings", "WorkingWithStrings\WorkingWithStrings.csproj", "{4AEABBB8-64A1-4F29-9A05-A228FA7FFA34}"
EndProject
Global
	GlobalSection(SolutionConfigurationPlatforms) = preSolution
		Debug|Any CPU = Debug|Any CPU
		Release|Any CPU = Release|Any CPU
	EndGlobalSection
	GlobalSection(ProjectConfigurationPlatforms) = postSolution
		{4AEABBB8-64A1-4F29-9A05-A228FA7FFA34}.Debug|Any CPU.ActiveCfg = Debug|Any CPU
		{4AEABBB8-64A1-4F29-9A05-A228FA7FFA34}.Debug|Any CPU.Build.0 = Debug|Any CPU
		{4AEABBB8-64A1-4F29-9A05-A228FA7FFA34}.Release|Any CPU.ActiveCfg = Release|Any CPU
		{4AEABBB8-64A1-4F29-9A05-A228FA7FFA34}.Release|Any CPU.Build.0 = Release|Any CPU
	EndGlobalSection
	GlobalSection(SolutionProperties) = preSolution
		HideSolutionNode = FALSE
	EndGlobalSection
	GlobalSection(ExtensibilityGlobals) = postSolution
		SolutionGuid = {7B3D14DA-0408-40DF-9DF0-21DC80F924B9}
	EndGlobalSection
EndGlobal
